
Microsoft Visual Studio Solution File, Format Version 12.00
# Visual Studio Version 16
VisualStudioVersion = 16.0.30114.105
MinimumVisualStudioVersion = 10.0.40219.1
Project("{FAE04EC0-301F-11D3-BF4B-00C04F79EFBC}") = "Matches.Domain", "Matches.Domain\Matches.Domain.csproj", "{0CD35083-0336-4D49-A88D-76F5C642B11F}"
EndProject
Project("{FAE04EC0-301F-11D3-BF4B-00C04F79EFBC}") = "Matches.Domain.Tests", "Matches.Domain.Tests\Matches.Domain.Tests.csproj", "{C490DD85-32CF-4514-81A1-002A656F2420}"
EndProject
Project("{FAE04EC0-301F-11D3-BF4B-00C04F79EFBC}") = "Matches.Presentation", "Matches.Presentation\Matches.Presentation.csproj", "{0FC885EE-0F7B-4461-B125-E07A6DE3A275}"
EndProject
Project("{FAE04EC0-301F-11D3-BF4B-00C04F79EFBC}") = "Matches.Infrastructure", "Matches.Infrastructure\Matches.Infrastructure.csproj", "{DA52CBF3-71B7-43CE-AAFF-DC812387DDA1}"
EndProject
Project("{FAE04EC0-301F-11D3-BF4B-00C04F79EFBC}") = "Matches.Application", "Matches.Application\Matches.Application.csproj", "{02140B9E-8B84-45EF-B3AF-D30EC6EE9148}"
EndProject
Project("{FAE04EC0-301F-11D3-BF4B-00C04F79EFBC}") = "RacketReel.gRPC", "RacketReel.gRPC\RacketReel.gRPC.csproj", "{2FD07E4A-6994-4353-8D33-DD7A27BDEFDA}"
EndProject
Global
	GlobalSection(SolutionConfigurationPlatforms) = preSolution
		Debug|Any CPU = Debug|Any CPU
		Release|Any CPU = Release|Any CPU
	EndGlobalSection
	GlobalSection(SolutionProperties) = preSolution
		HideSolutionNode = FALSE
	EndGlobalSection
	GlobalSection(ProjectConfigurationPlatforms) = postSolution
		{0CD35083-0336-4D49-A88D-76F5C642B11F}.Debug|Any CPU.ActiveCfg = Debug|Any CPU
		{0CD35083-0336-4D49-A88D-76F5C642B11F}.Debug|Any CPU.Build.0 = Debug|Any CPU
		{0CD35083-0336-4D49-A88D-76F5C642B11F}.Release|Any CPU.ActiveCfg = Release|Any CPU
		{0CD35083-0336-4D49-A88D-76F5C642B11F}.Release|Any CPU.Build.0 = Release|Any CPU
		{4FA074AE-33D7-4A9C-963E-E3AC8F1C55E2}.Debug|Any CPU.ActiveCfg = Debug|Any CPU
		{4FA074AE-33D7-4A9C-963E-E3AC8F1C55E2}.Debug|Any CPU.Build.0 = Debug|Any CPU
		{4FA074AE-33D7-4A9C-963E-E3AC8F1C55E2}.Release|Any CPU.ActiveCfg = Release|Any CPU
		{4FA074AE-33D7-4A9C-963E-E3AC8F1C55E2}.Release|Any CPU.Build.0 = Release|Any CPU
		{0ECCA79E-0D34-4F6C-B70B-876F0950A966}.Debug|Any CPU.ActiveCfg = Debug|Any CPU
		{0ECCA79E-0D34-4F6C-B70B-876F0950A966}.Debug|Any CPU.Build.0 = Debug|Any CPU
		{0ECCA79E-0D34-4F6C-B70B-876F0950A966}.Release|Any CPU.ActiveCfg = Release|Any CPU
		{0ECCA79E-0D34-4F6C-B70B-876F0950A966}.Release|Any CPU.Build.0 = Release|Any CPU
		{C490DD85-32CF-4514-81A1-002A656F2420}.Debug|Any CPU.ActiveCfg = Debug|Any CPU
		{C490DD85-32CF-4514-81A1-002A656F2420}.Debug|Any CPU.Build.0 = Debug|Any CPU
		{C490DD85-32CF-4514-81A1-002A656F2420}.Release|Any CPU.ActiveCfg = Release|Any CPU
		{C490DD85-32CF-4514-81A1-002A656F2420}.Release|Any CPU.Build.0 = Release|Any CPU
		{0FF2125F-7A42-4179-BFEF-DC33FCFF1FDC}.Debug|Any CPU.ActiveCfg = Debug|Any CPU
		{0FF2125F-7A42-4179-BFEF-DC33FCFF1FDC}.Debug|Any CPU.Build.0 = Debug|Any CPU
		{0FF2125F-7A42-4179-BFEF-DC33FCFF1FDC}.Release|Any CPU.ActiveCfg = Release|Any CPU
		{0FF2125F-7A42-4179-BFEF-DC33FCFF1FDC}.Release|Any CPU.Build.0 = Release|Any CPU
		{0FC885EE-0F7B-4461-B125-E07A6DE3A275}.Debug|Any CPU.ActiveCfg = Debug|Any CPU
		{0FC885EE-0F7B-4461-B125-E07A6DE3A275}.Debug|Any CPU.Build.0 = Debug|Any CPU
		{0FC885EE-0F7B-4461-B125-E07A6DE3A275}.Release|Any CPU.ActiveCfg = Release|Any CPU
		{0FC885EE-0F7B-4461-B125-E07A6DE3A275}.Release|Any CPU.Build.0 = Release|Any CPU
		{DA52CBF3-71B7-43CE-AAFF-DC812387DDA1}.Debug|Any CPU.ActiveCfg = Debug|Any CPU
		{DA52CBF3-71B7-43CE-AAFF-DC812387DDA1}.Debug|Any CPU.Build.0 = Debug|Any CPU
		{DA52CBF3-71B7-43CE-AAFF-DC812387DDA1}.Release|Any CPU.ActiveCfg = Release|Any CPU
		{DA52CBF3-71B7-43CE-AAFF-DC812387DDA1}.Release|Any CPU.Build.0 = Release|Any CPU
		{02140B9E-8B84-45EF-B3AF-D30EC6EE9148}.Debug|Any CPU.ActiveCfg = Debug|Any CPU
		{02140B9E-8B84-45EF-B3AF-D30EC6EE9148}.Debug|Any CPU.Build.0 = Debug|Any CPU
		{02140B9E-8B84-45EF-B3AF-D30EC6EE9148}.Release|Any CPU.ActiveCfg = Release|Any CPU
		{02140B9E-8B84-45EF-B3AF-D30EC6EE9148}.Release|Any CPU.Build.0 = Release|Any CPU
		{2FD07E4A-6994-4353-8D33-DD7A27BDEFDA}.Debug|Any CPU.ActiveCfg = Debug|Any CPU
		{2FD07E4A-6994-4353-8D33-DD7A27BDEFDA}.Debug|Any CPU.Build.0 = Debug|Any CPU
		{2FD07E4A-6994-4353-8D33-DD7A27BDEFDA}.Release|Any CPU.ActiveCfg = Release|Any CPU
		{2FD07E4A-6994-4353-8D33-DD7A27BDEFDA}.Release|Any CPU.Build.0 = Release|Any CPU
	EndGlobalSection
EndGlobal
