
Microsoft Visual Studio Solution File, Format Version 12.00
# Visual Studio Version 16
VisualStudioVersion = 16.0.30114.105
MinimumVisualStudioVersion = 10.0.40219.1
Project("{2150E333-8FDC-42A3-9474-1A3956D46DE8}") = "Services", "src\Services", "{84A62699-8F8E-4C0A-BC9A-501F4BB9EFBC}"
EndProject
Project("{2150E333-8FDC-42A3-9474-1A3956D46DE8}") = "Matches", "src\Services\Matches", "{AED07D6C-DE70-4C89-8C43-5DA3725341D6}"
EndProject
Project("{FAE04EC0-301F-11D3-BF4B-00C04F79EFBC}") = "Matches.Domain", "src\Services\Matches\Matches.Domain\Matches.Domain.csproj", "{35E0F0E2-92BC-4335-B1CA-98A476795818}"
EndProject
Project("{FAE04EC0-301F-11D3-BF4B-00C04F79EFBC}") = "Matches.Infrastructure", "src\Services\Matches\Matches.Infrastructure\Matches.Infrastructure.csproj", "{7D5AC4D7-A373-4144-9642-1111FD3BF24E}"
EndProject
Project("{FAE04EC0-301F-11D3-BF4B-00C04F79EFBC}") = "Matches.API", "src\Services\Matches\Matches.API\Matches.API.csproj", "{B8FD91A0-02B0-490D-89BA-24D8EE53917C}"
EndProject
Project("{FAE04EC0-301F-11D3-BF4B-00C04F79EFBC}") = "Web", "src\Web\Web.csproj", "{3F11512F-8C71-448E-82AF-4804D0FB2D9E}"
EndProject
Global
	GlobalSection(SolutionConfigurationPlatforms) = preSolution
		Debug|Any CPU = Debug|Any CPU
		Release|Any CPU = Release|Any CPU
	EndGlobalSection
	GlobalSection(SolutionProperties) = preSolution
		HideSolutionNode = FALSE
	EndGlobalSection
	GlobalSection(ProjectConfigurationPlatforms) = postSolution
		{35E0F0E2-92BC-4335-B1CA-98A476795818}.Debug|Any CPU.ActiveCfg = Debug|Any CPU
		{35E0F0E2-92BC-4335-B1CA-98A476795818}.Debug|Any CPU.Build.0 = Debug|Any CPU
		{35E0F0E2-92BC-4335-B1CA-98A476795818}.Release|Any CPU.ActiveCfg = Release|Any CPU
		{35E0F0E2-92BC-4335-B1CA-98A476795818}.Release|Any CPU.Build.0 = Release|Any CPU
		{7D5AC4D7-A373-4144-9642-1111FD3BF24E}.Debug|Any CPU.ActiveCfg = Debug|Any CPU
		{7D5AC4D7-A373-4144-9642-1111FD3BF24E}.Debug|Any CPU.Build.0 = Debug|Any CPU
		{7D5AC4D7-A373-4144-9642-1111FD3BF24E}.Release|Any CPU.ActiveCfg = Release|Any CPU
		{7D5AC4D7-A373-4144-9642-1111FD3BF24E}.Release|Any CPU.Build.0 = Release|Any CPU
		{B8FD91A0-02B0-490D-89BA-24D8EE53917C}.Debug|Any CPU.ActiveCfg = Debug|Any CPU
		{B8FD91A0-02B0-490D-89BA-24D8EE53917C}.Debug|Any CPU.Build.0 = Debug|Any CPU
		{B8FD91A0-02B0-490D-89BA-24D8EE53917C}.Release|Any CPU.ActiveCfg = Release|Any CPU
		{B8FD91A0-02B0-490D-89BA-24D8EE53917C}.Release|Any CPU.Build.0 = Release|Any CPU
		{3F11512F-8C71-448E-82AF-4804D0FB2D9E}.Debug|Any CPU.ActiveCfg = Debug|Any CPU
		{3F11512F-8C71-448E-82AF-4804D0FB2D9E}.Debug|Any CPU.Build.0 = Debug|Any CPU
		{3F11512F-8C71-448E-82AF-4804D0FB2D9E}.Release|Any CPU.ActiveCfg = Release|Any CPU
		{3F11512F-8C71-448E-82AF-4804D0FB2D9E}.Release|Any CPU.Build.0 = Release|Any CPU
	EndGlobalSection
	GlobalSection(NestedProjects) = preSolution
		{AED07D6C-DE70-4C89-8C43-5DA3725341D6} = {84A62699-8F8E-4C0A-BC9A-501F4BB9EFBC}
		{35E0F0E2-92BC-4335-B1CA-98A476795818} = {AED07D6C-DE70-4C89-8C43-5DA3725341D6}
		{7D5AC4D7-A373-4144-9642-1111FD3BF24E} = {AED07D6C-DE70-4C89-8C43-5DA3725341D6}
		{B8FD91A0-02B0-490D-89BA-24D8EE53917C} = {AED07D6C-DE70-4C89-8C43-5DA3725341D6}
	EndGlobalSection
EndGlobal
