
Microsoft Visual Studio Solution File, Format Version 12.00
# Visual Studio Version 17
VisualStudioVersion = 17.0.31903.59
MinimumVisualStudioVersion = 10.0.40219.1
Project("{FAE04EC0-301F-11D3-BF4B-00C04F79EFBC}") = "RacketReel.Presentation", "RacketReel.Presentation\RacketReel.Presentation.csproj", "{0E26A3C2-F830-46A7-971A-839A02B92F29}"
EndProject
Project("{FAE04EC0-301F-11D3-BF4B-00C04F79EFBC}") = "RacketReel.Infrastructure", "RacketReel.Infrastructure\RacketReel.Infrastructure.csproj", "{4A8BBEDF-1A84-4F6E-B65E-E8B1F7E49958}"
EndProject
Project("{FAE04EC0-301F-11D3-BF4B-00C04F79EFBC}") = "RacketReel.Application", "RacketReel.Application\RacketReel.Application.csproj", "{CD65D1A1-A50B-4165-980C-0767408EFF37}"
EndProject
Project("{FAE04EC0-301F-11D3-BF4B-00C04F79EFBC}") = "RacketReel.Domain", "RacketReel.Domain\RacketReel.Domain.csproj", "{5CD7D3F6-53A3-4E1F-9810-F6046C0FB83F}"
EndProject
Project("{FAE04EC0-301F-11D3-BF4B-00C04F79EFBC}") = "RacketReel.Domain.Tests", "RacketReel.Domain.Tests\RacketReel.Domain.Tests.csproj", "{3468BE91-272F-4818-8852-FC761EDCFE81}"
EndProject
Project("{FAE04EC0-301F-11D3-BF4B-00C04F79EFBC}") = "RacketReel.ExampleClient", "RacketReel.ExampleClient\RacketReel.ExampleClient.csproj", "{DE55F75D-5F6F-42DF-BDC8-A210917174D5}"
EndProject
Global
	GlobalSection(SolutionConfigurationPlatforms) = preSolution
		Debug|Any CPU = Debug|Any CPU
		Release|Any CPU = Release|Any CPU
	EndGlobalSection
	GlobalSection(SolutionProperties) = preSolution
		HideSolutionNode = FALSE
	EndGlobalSection
	GlobalSection(ProjectConfigurationPlatforms) = postSolution
		{0E26A3C2-F830-46A7-971A-839A02B92F29}.Debug|Any CPU.ActiveCfg = Debug|Any CPU
		{0E26A3C2-F830-46A7-971A-839A02B92F29}.Debug|Any CPU.Build.0 = Debug|Any CPU
		{0E26A3C2-F830-46A7-971A-839A02B92F29}.Release|Any CPU.ActiveCfg = Release|Any CPU
		{0E26A3C2-F830-46A7-971A-839A02B92F29}.Release|Any CPU.Build.0 = Release|Any CPU
		{4A8BBEDF-1A84-4F6E-B65E-E8B1F7E49958}.Debug|Any CPU.ActiveCfg = Debug|Any CPU
		{4A8BBEDF-1A84-4F6E-B65E-E8B1F7E49958}.Debug|Any CPU.Build.0 = Debug|Any CPU
		{4A8BBEDF-1A84-4F6E-B65E-E8B1F7E49958}.Release|Any CPU.ActiveCfg = Release|Any CPU
		{4A8BBEDF-1A84-4F6E-B65E-E8B1F7E49958}.Release|Any CPU.Build.0 = Release|Any CPU
		{CD65D1A1-A50B-4165-980C-0767408EFF37}.Debug|Any CPU.ActiveCfg = Debug|Any CPU
		{CD65D1A1-A50B-4165-980C-0767408EFF37}.Debug|Any CPU.Build.0 = Debug|Any CPU
		{CD65D1A1-A50B-4165-980C-0767408EFF37}.Release|Any CPU.ActiveCfg = Release|Any CPU
		{CD65D1A1-A50B-4165-980C-0767408EFF37}.Release|Any CPU.Build.0 = Release|Any CPU
		{5CD7D3F6-53A3-4E1F-9810-F6046C0FB83F}.Debug|Any CPU.ActiveCfg = Debug|Any CPU
		{5CD7D3F6-53A3-4E1F-9810-F6046C0FB83F}.Debug|Any CPU.Build.0 = Debug|Any CPU
		{5CD7D3F6-53A3-4E1F-9810-F6046C0FB83F}.Release|Any CPU.ActiveCfg = Release|Any CPU
		{5CD7D3F6-53A3-4E1F-9810-F6046C0FB83F}.Release|Any CPU.Build.0 = Release|Any CPU
		{3468BE91-272F-4818-8852-FC761EDCFE81}.Debug|Any CPU.ActiveCfg = Debug|Any CPU
		{3468BE91-272F-4818-8852-FC761EDCFE81}.Debug|Any CPU.Build.0 = Debug|Any CPU
		{3468BE91-272F-4818-8852-FC761EDCFE81}.Release|Any CPU.ActiveCfg = Release|Any CPU
		{3468BE91-272F-4818-8852-FC761EDCFE81}.Release|Any CPU.Build.0 = Release|Any CPU
		{DE55F75D-5F6F-42DF-BDC8-A210917174D5}.Debug|Any CPU.ActiveCfg = Debug|Any CPU
		{DE55F75D-5F6F-42DF-BDC8-A210917174D5}.Debug|Any CPU.Build.0 = Debug|Any CPU
		{DE55F75D-5F6F-42DF-BDC8-A210917174D5}.Release|Any CPU.ActiveCfg = Release|Any CPU
		{DE55F75D-5F6F-42DF-BDC8-A210917174D5}.Release|Any CPU.Build.0 = Release|Any CPU
	EndGlobalSection
EndGlobal
